
Microsoft Visual Studio Solution File, Format Version 12.00
# Visual Studio Version 17
VisualStudioVersion = 17.7.34221.43
MinimumVisualStudioVersion = 10.0.40219.1
Project("{FAE04EC0-301F-11D3-BF4B-00C04F79EFBC}") = "Encapsulamento", "Encapsulamento.csproj", "{1FED3C7F-0F93-4A2D-B542-02CD9AF900B2}"
EndProject
Global
	GlobalSection(SolutionConfigurationPlatforms) = preSolution
		Debug|Any CPU = Debug|Any CPU
		Release|Any CPU = Release|Any CPU
	EndGlobalSection
	GlobalSection(ProjectConfigurationPlatforms) = postSolution
		{1FED3C7F-0F93-4A2D-B542-02CD9AF900B2}.Debug|Any CPU.ActiveCfg = Debug|Any CPU
		{1FED3C7F-0F93-4A2D-B542-02CD9AF900B2}.Debug|Any CPU.Build.0 = Debug|Any CPU
		{1FED3C7F-0F93-4A2D-B542-02CD9AF900B2}.Release|Any CPU.ActiveCfg = Release|Any CPU
		{1FED3C7F-0F93-4A2D-B542-02CD9AF900B2}.Release|Any CPU.Build.0 = Release|Any CPU
	EndGlobalSection
	GlobalSection(SolutionProperties) = preSolution
		HideSolutionNode = FALSE
	EndGlobalSection
	GlobalSection(ExtensibilityGlobals) = postSolution
		SolutionGuid = {3447F562-ECC5-4948-8623-1325AFF4D8A2}
	EndGlobalSection
EndGlobal
